
Microsoft Visual Studio Solution File, Format Version 12.00
# Visual Studio Version 17
VisualStudioVersion = 17.11.35222.181
MinimumVisualStudioVersion = 10.0.40219.1
Project("{8BC9CEB8-8B4A-11D0-8D11-00A0C91BC942}") = "lab8.1i", "lab8.1i\lab8.1i.vcxproj", "{83DA1DDE-318F-49EB-BE3E-ECF4E4E5C852}"
EndProject
Project("{8BC9CEB8-8B4A-11D0-8D11-00A0C91BC942}") = "UT8.1i", "UT8.1i\UT8.1i.vcxproj", "{EA5CCEE3-F6F6-4757-BF0C-2ABC4D6ED265}"
EndProject
Global
	GlobalSection(SolutionConfigurationPlatforms) = preSolution
		Debug|x64 = Debug|x64
		Debug|x86 = Debug|x86
		Release|x64 = Release|x64
		Release|x86 = Release|x86
	EndGlobalSection
	GlobalSection(ProjectConfigurationPlatforms) = postSolution
		{83DA1DDE-318F-49EB-BE3E-ECF4E4E5C852}.Debug|x64.ActiveCfg = Debug|x64
		{83DA1DDE-318F-49EB-BE3E-ECF4E4E5C852}.Debug|x64.Build.0 = Debug|x64
		{83DA1DDE-318F-49EB-BE3E-ECF4E4E5C852}.Debug|x86.ActiveCfg = Debug|Win32
		{83DA1DDE-318F-49EB-BE3E-ECF4E4E5C852}.Debug|x86.Build.0 = Debug|Win32
		{83DA1DDE-318F-49EB-BE3E-ECF4E4E5C852}.Release|x64.ActiveCfg = Release|x64
		{83DA1DDE-318F-49EB-BE3E-ECF4E4E5C852}.Release|x64.Build.0 = Release|x64
		{83DA1DDE-318F-49EB-BE3E-ECF4E4E5C852}.Release|x86.ActiveCfg = Release|Win32
		{83DA1DDE-318F-49EB-BE3E-ECF4E4E5C852}.Release|x86.Build.0 = Release|Win32
		{EA5CCEE3-F6F6-4757-BF0C-2ABC4D6ED265}.Debug|x64.ActiveCfg = Debug|x64
		{EA5CCEE3-F6F6-4757-BF0C-2ABC4D6ED265}.Debug|x64.Build.0 = Debug|x64
		{EA5CCEE3-F6F6-4757-BF0C-2ABC4D6ED265}.Debug|x86.ActiveCfg = Debug|Win32
		{EA5CCEE3-F6F6-4757-BF0C-2ABC4D6ED265}.Debug|x86.Build.0 = Debug|Win32
		{EA5CCEE3-F6F6-4757-BF0C-2ABC4D6ED265}.Release|x64.ActiveCfg = Release|x64
		{EA5CCEE3-F6F6-4757-BF0C-2ABC4D6ED265}.Release|x64.Build.0 = Release|x64
		{EA5CCEE3-F6F6-4757-BF0C-2ABC4D6ED265}.Release|x86.ActiveCfg = Release|Win32
		{EA5CCEE3-F6F6-4757-BF0C-2ABC4D6ED265}.Release|x86.Build.0 = Release|Win32
	EndGlobalSection
	GlobalSection(SolutionProperties) = preSolution
		HideSolutionNode = FALSE
	EndGlobalSection
	GlobalSection(ExtensibilityGlobals) = postSolution
		SolutionGuid = {2FF436E3-2145-4E49-98C3-DB627501721E}
	EndGlobalSection
EndGlobal
